# THIS IS AN AUTOGENERATED FILE. DO NOT EDIT THIS FILE DIRECTLY.
# yarn lockfile v1


"@babel/parser@^7.16.4":
  "integrity" "sha512-n2Q6i+fnJqzOaq2VkdXxy2TCPCWQZHiCo0XqmrCvDWcZQKRyZzYi4Z0yxlBuN0w+r2ZHmre+Q087DSrw3pbJDQ=="
  "resolved" "https://registry.npmjs.org/@babel/parser/-/parser-7.17.10.tgz"
  "version" "7.17.10"

"@esbuild-plugins/node-globals-polyfill@^0.1.1":
  "integrity" "sha512-MR0oAA+mlnJWrt1RQVQ+4VYuRJW/P2YmRTv1AsplObyvuBMnPHiizUF95HHYiSsMGLhyGtWufaq2XQg6+iurBg=="
  "resolved" "https://registry.npmjs.org/@esbuild-plugins/node-globals-polyfill/-/node-globals-polyfill-0.1.1.tgz"
  "version" "0.1.1"

"@esbuild-plugins/node-modules-polyfill@^0.1.4":
  "integrity" "sha512-uZbcXi0zbmKC/050p3gJnne5Qdzw8vkXIv+c2BW0Lsc1ji1SkrxbKPUy5Efr0blbTu1SL8w4eyfpnSdPg3G0Qg=="
  "resolved" "https://registry.npmjs.org/@esbuild-plugins/node-modules-polyfill/-/node-modules-polyfill-0.1.4.tgz"
  "version" "0.1.4"
  dependencies:
    "escape-string-regexp" "^4.0.0"
    "rollup-plugin-node-polyfills" "^0.2.1"

"@formkit/core@1.0.0-beta.9-4ee1e0a":
  "integrity" "sha512-o/7Hdwk2Z89KSShoGAlVirXlcbT6FiwbfcSRiWEznGFw+WcWQEi7aBUWt9cGnf/p/N9yDw0l1SJ6Xc6tyug+WQ=="
  "resolved" "https://registry.npmjs.org/@formkit/core/-/core-1.0.0-beta.9-4ee1e0a.tgz"
  "version" "1.0.0-beta.9-4ee1e0a"
  dependencies:
    "@formkit/utils" "1.0.0-beta.9-4ee1e0a"

"@formkit/dev@1.0.0-beta.9-4ee1e0a":
  "integrity" "sha512-rQF1svXcPIURiw3kPWgyf70IK8Rn2aHQyXtTo3F1iXPJQ2uTN7m/8156payNBN4BJbkojcmR/ThanVq5+dHqCw=="
  "resolved" "https://registry.npmjs.org/@formkit/dev/-/dev-1.0.0-beta.9-4ee1e0a.tgz"
  "version" "1.0.0-beta.9-4ee1e0a"
  dependencies:
    "@formkit/core" "1.0.0-beta.9-4ee1e0a"
    "@formkit/utils" "1.0.0-beta.9-4ee1e0a"

"@formkit/i18n@1.0.0-beta.9-4ee1e0a":
  "integrity" "sha512-RAgGwTwzEi2bxCK2b9aSNG8yEcP9IovSdxrj0R2enIyI7S3qX/vJmY2pn1OzoI32vsCW/VWc+QHOg7uOVACNCQ=="
  "resolved" "https://registry.npmjs.org/@formkit/i18n/-/i18n-1.0.0-beta.9-4ee1e0a.tgz"
  "version" "1.0.0-beta.9-4ee1e0a"
  dependencies:
    "@formkit/core" "1.0.0-beta.9-4ee1e0a"
    "@formkit/utils" "1.0.0-beta.9-4ee1e0a"
    "@formkit/validation" "1.0.0-beta.9-4ee1e0a"

"@formkit/inputs@1.0.0-beta.9-4ee1e0a":
  "integrity" "sha512-x1YtRmPruE9NR4T7DzbeFN2X84OINsst57/6eO1q3EYdsFEKAFB6LDXXMLAWWjCiUe5HHtqQJ9mwiA9l5oRjtA=="
  "resolved" "https://registry.npmjs.org/@formkit/inputs/-/inputs-1.0.0-beta.9-4ee1e0a.tgz"
  "version" "1.0.0-beta.9-4ee1e0a"
  dependencies:
    "@formkit/core" "1.0.0-beta.9-4ee1e0a"

"@formkit/observer@1.0.0-beta.9-4ee1e0a":
  "integrity" "sha512-xqdVQjeNol0UfPkSclafj/gEaTuzKN2QGBzT/S2NzyCiVa81kYBfMYl7T0sCfXdW+u2yMxovi5eYHG54h0zsrw=="
  "resolved" "https://registry.npmjs.org/@formkit/observer/-/observer-1.0.0-beta.9-4ee1e0a.tgz"
  "version" "1.0.0-beta.9-4ee1e0a"
  dependencies:
    "@formkit/core" "1.0.0-beta.9-4ee1e0a"
    "@formkit/utils" "1.0.0-beta.9-4ee1e0a"

"@formkit/rules@1.0.0-beta.9-4ee1e0a":
  "integrity" "sha512-EAZCI0Lo86uAy3zUsFwp7iR33BZ6spwlgofC2tCcj2lTYP9TvSMzNvVhaLGnkvhfjENAoZG54+skABGwuBAiIA=="
  "resolved" "https://registry.npmjs.org/@formkit/rules/-/rules-1.0.0-beta.9-4ee1e0a.tgz"
  "version" "1.0.0-beta.9-4ee1e0a"
  dependencies:
    "@formkit/core" "1.0.0-beta.9-4ee1e0a"
    "@formkit/utils" "1.0.0-beta.9-4ee1e0a"
    "@formkit/validation" "1.0.0-beta.9-4ee1e0a"

"@formkit/themes@^1.0.0-beta.9":
  "integrity" "sha512-AWb12tWEKk2Gz5bpK6G1lcLiLrqB5MPY18kmnu95tub9WzZ27HgDlSTbJWmyZkRe7OZpZ9YAEm21bdA4vzTQ1w=="
  "resolved" "https://registry.npmjs.org/@formkit/themes/-/themes-1.0.0-beta.9-4ee1e0a.tgz"
  "version" "1.0.0-beta.9-4ee1e0a"
  dependencies:
    "@formkit/core" "1.0.0-beta.9-4ee1e0a"

"@formkit/utils@1.0.0-beta.9-4ee1e0a":
  "integrity" "sha512-Hhycr+cDPc0t/i1XOpyYciV0rvL+5IXLSkvQ99MVgPTus6V+/0vTG6UAJ1PQuMUChwpBjCKu91vDPC+qEaBCjQ=="
  "resolved" "https://registry.npmjs.org/@formkit/utils/-/utils-1.0.0-beta.9-4ee1e0a.tgz"
  "version" "1.0.0-beta.9-4ee1e0a"

"@formkit/validation@1.0.0-beta.9-4ee1e0a":
  "integrity" "sha512-IVqhIhLEdcc6QsHjl1sXVgq1TG/Jf5bM1G1e9JSD5gD+L/wCF5pYR+sLIltXcQmNXovdCiqVpADndsxjixsS+Q=="
  "resolved" "https://registry.npmjs.org/@formkit/validation/-/validation-1.0.0-beta.9-4ee1e0a.tgz"
  "version" "1.0.0-beta.9-4ee1e0a"
  dependencies:
    "@formkit/core" "1.0.0-beta.9-4ee1e0a"
    "@formkit/observer" "1.0.0-beta.9-4ee1e0a"

"@formkit/vue@^1.0.0-beta.9":
  "integrity" "sha512-NUTa9J+06lI2U7KSB25XgWpBy+Tcw72hbf47vHV6ZJq1uRLo/rBWBGxrN0nVE82V/7CG9+dHKD/BUl40YvrlGg=="
  "resolved" "https://registry.npmjs.org/@formkit/vue/-/vue-1.0.0-beta.9-4ee1e0a.tgz"
  "version" "1.0.0-beta.9-4ee1e0a"
  dependencies:
    "@formkit/core" "1.0.0-beta.9-4ee1e0a"
    "@formkit/dev" "1.0.0-beta.9-4ee1e0a"
    "@formkit/i18n" "1.0.0-beta.9-4ee1e0a"
    "@formkit/inputs" "1.0.0-beta.9-4ee1e0a"
    "@formkit/observer" "1.0.0-beta.9-4ee1e0a"
    "@formkit/rules" "1.0.0-beta.9-4ee1e0a"
    "@formkit/utils" "1.0.0-beta.9-4ee1e0a"
    "@formkit/validation" "1.0.0-beta.9-4ee1e0a"

"@heroicons/vue@^1.0.6":
  "integrity" "sha512-ng2YcCQrdoQWEFpw+ipFl2rZo8mZ56v0T5+MyfQQvNqfKChwgP6DMloZLW+rl17GEcHkE3H82UTAMKBKZr4+WA=="
  "resolved" "https://registry.npmjs.org/@heroicons/vue/-/vue-1.0.6.tgz"
  "version" "1.0.6"

"@iarna/toml@^2.2.5":
  "integrity" "sha512-trnsAYxU3xnS1gPHPyU961coFyLkh4gAD/0zQ5mymY4yOZ+CYvsPqUbOFSw0aDM4y0tV7tiFxL/1XfXPNC6IPg=="
  "resolved" "https://registry.npmjs.org/@iarna/toml/-/toml-2.2.5.tgz"
  "version" "2.2.5"

"@miniflare/cache@2.5.0":
  "integrity" "sha512-tJuDbWwzYsk4pJvPPJzdlfdGFqNnn1IN3JVrGDCq8UwOXm0K8hFiSwq2nMjjT+Z/9X2FfimgaXOx81zjPL+FjQ=="
  "resolved" "https://registry.npmjs.org/@miniflare/cache/-/cache-2.5.0.tgz"
  "version" "2.5.0"
  dependencies:
    "@miniflare/core" "2.5.0"
    "@miniflare/shared" "2.5.0"
    "http-cache-semantics" "^4.1.0"
    "undici" "5.3.0"

"@miniflare/cli-parser@2.5.0":
  "integrity" "sha512-aY/wQ4Rwy8x0Awtb8TzhKFYp4g1Y8xBhtKFfHOZpYCEFCVfKtgdk0pHPKctf/ClK0qJdT3siJKeXxsH2GRAMXg=="
  "resolved" "https://registry.npmjs.org/@miniflare/cli-parser/-/cli-parser-2.5.0.tgz"
  "version" "2.5.0"
  dependencies:
    "@miniflare/shared" "2.5.0"
    "kleur" "^4.1.4"

"@miniflare/core@2.5.0":
  "integrity" "sha512-BtMRi17DiimcpmDjQiIU6mIYSo/h21lVGC082n5G3JTF7AcGFAs7N2Fz2YLiYuc3zYc6qJx/NIjDoOqL2gfp3A=="
  "resolved" "https://registry.npmjs.org/@miniflare/core/-/core-2.5.0.tgz"
  "version" "2.5.0"
  dependencies:
    "@iarna/toml" "^2.2.5"
    "@miniflare/shared" "2.5.0"
    "@miniflare/watcher" "2.5.0"
    "busboy" "^1.6.0"
    "dotenv" "^10.0.0"
    "kleur" "^4.1.4"
    "set-cookie-parser" "^2.4.8"
    "undici" "5.3.0"
    "urlpattern-polyfill" "^4.0.3"

"@miniflare/durable-objects@2.5.0":
  "integrity" "sha512-HJuP5Lsm/CCaSx3dePZiywAniGqTpU1ocCEqV6kE4zX1C0uGplfjPPXo5xsVc2NXkD+0ZL65rJzcj2tfrwKZlg=="
  "resolved" "https://registry.npmjs.org/@miniflare/durable-objects/-/durable-objects-2.5.0.tgz"
  "version" "2.5.0"
  dependencies:
    "@miniflare/core" "2.5.0"
    "@miniflare/shared" "2.5.0"
    "@miniflare/storage-memory" "2.5.0"
    "undici" "5.3.0"

"@miniflare/html-rewriter@2.5.0":
  "integrity" "sha512-bV2lQ/2clPeBmDth+cMnCBFYk8xtGs83S6PhfwmNNd24rzHvOEch1h/VCtEUy8k+rtgDSpc9pVkd31k0tMsyxQ=="
  "resolved" "https://registry.npmjs.org/@miniflare/html-rewriter/-/html-rewriter-2.5.0.tgz"
  "version" "2.5.0"
  dependencies:
    "@miniflare/core" "2.5.0"
    "@miniflare/shared" "2.5.0"
    "html-rewriter-wasm" "^0.4.1"
    "undici" "5.3.0"

"@miniflare/http-server@2.5.0":
  "integrity" "sha512-+sRPgNq0Q4Q6t1k94ncYzgcf/UNIv0Bz4ubUu6InJy4kMaJKeJPOLlU55lTXJSYfBZM/L4NvAui2i5vA9g2BrA=="
  "resolved" "https://registry.npmjs.org/@miniflare/http-server/-/http-server-2.5.0.tgz"
  "version" "2.5.0"
  dependencies:
    "@miniflare/core" "2.5.0"
    "@miniflare/shared" "2.5.0"
    "@miniflare/web-sockets" "2.5.0"
    "kleur" "^4.1.4"
    "selfsigned" "^2.0.0"
    "undici" "5.3.0"
    "ws" "^8.2.2"
    "youch" "^2.2.2"

"@miniflare/kv@2.5.0":
  "integrity" "sha512-5dzcUMMOKl8u75FXbpy2BHp38uafjzo3RW2HEm6EY8QoM/vHw6RChFzJ9YEPJDbvcHR8gdMpgC65LYPTjifc3g=="
  "resolved" "https://registry.npmjs.org/@miniflare/kv/-/kv-2.5.0.tgz"
  "version" "2.5.0"
  dependencies:
    "@miniflare/shared" "2.5.0"

"@miniflare/runner-vm@2.5.0":
  "integrity" "sha512-0n85cOBq91D7roqsIqJESDnj0oRi+xNVjDfd5uDIT1dW1qo5asA5Mwx6ntzCJB1BcB4khNatUIwpO3ZT+kT/YQ=="
  "resolved" "https://registry.npmjs.org/@miniflare/runner-vm/-/runner-vm-2.5.0.tgz"
  "version" "2.5.0"
  dependencies:
    "@miniflare/shared" "2.5.0"

"@miniflare/scheduler@2.5.0":
  "integrity" "sha512-+a/I2QLp3UaZpKVobzFH3eHsi5ubhBp8q/AH/sCDwcZmatbCp2+oDrjMgTqhF6Fm8ryR4BYkHQOgkGZ5l7gQjw=="
  "resolved" "https://registry.npmjs.org/@miniflare/scheduler/-/scheduler-2.5.0.tgz"
  "version" "2.5.0"
  dependencies:
    "@miniflare/core" "2.5.0"
    "@miniflare/shared" "2.5.0"
    "cron-schedule" "^3.0.4"

"@miniflare/shared@2.5.0":
  "integrity" "sha512-2oPxhnCGg8DNoo0NzUdc2BylGGeHQQvFJ6mDODjxbSXybeQC0+Ul5Ujv/FyU9W/eTbUEWNqKBycINyuXqSnJ/w=="
  "resolved" "https://registry.npmjs.org/@miniflare/shared/-/shared-2.5.0.tgz"
  "version" "2.5.0"
  dependencies:
    "ignore" "^5.1.8"
    "kleur" "^4.1.4"

"@miniflare/sites@2.5.0":
  "integrity" "sha512-AwYZb6ppP00YLkVNJnCe0lzJJemCDwibFjJywECY+aXFFNRo80sLpePPOXytplaUpen1uxnxUc8vdKBFVoB5cQ=="
  "resolved" "https://registry.npmjs.org/@miniflare/sites/-/sites-2.5.0.tgz"
  "version" "2.5.0"
  dependencies:
    "@miniflare/kv" "2.5.0"
    "@miniflare/shared" "2.5.0"
    "@miniflare/storage-file" "2.5.0"

"@miniflare/storage-file@2.5.0":
  "integrity" "sha512-ytwWZEIn3eMBnI2FdqvM5+mJVuI2aIBeZNjhZFuF5/AW3v1uslqY55Qd5Fnfn+2C7z6ivVaUv/TlEwot9ZDUnw=="
  "resolved" "https://registry.npmjs.org/@miniflare/storage-file/-/storage-file-2.5.0.tgz"
  "version" "2.5.0"
  dependencies:
    "@miniflare/shared" "2.5.0"
    "@miniflare/storage-memory" "2.5.0"

"@miniflare/storage-memory@2.5.0":
  "integrity" "sha512-cydVKLY0cZe2Sah0jV3s9MK3gmYLrQQcpCdMHMBEUz+nRfjfnuzs4WXzzUXCWwNT+WFC0V2WvDp2sMt+lVsmsA=="
  "resolved" "https://registry.npmjs.org/@miniflare/storage-memory/-/storage-memory-2.5.0.tgz"
  "version" "2.5.0"
  dependencies:
    "@miniflare/shared" "2.5.0"

"@miniflare/watcher@2.5.0":
  "integrity" "sha512-6ECE7po8NBxLmr2M00f7TWLEp1dMaAm3swf4D3ZU2xy3IqSBZE3QbOBuczYEYUIk7F+kXgaREISQg4e5QdECXQ=="
  "resolved" "https://registry.npmjs.org/@miniflare/watcher/-/watcher-2.5.0.tgz"
  "version" "2.5.0"
  dependencies:
    "@miniflare/shared" "2.5.0"

"@miniflare/web-sockets@2.5.0":
  "integrity" "sha512-nnLBtbHdmgGUNTxP0IeAz1B4UGCO/6W+4edzjogtz3JJumKQE+ink5+SIrmL0C1Pitrc2+kO2WYsQzWh3a2Amg=="
  "resolved" "https://registry.npmjs.org/@miniflare/web-sockets/-/web-sockets-2.5.0.tgz"
  "version" "2.5.0"
  dependencies:
    "@miniflare/core" "2.5.0"
    "@miniflare/shared" "2.5.0"
    "undici" "5.3.0"
    "ws" "^8.2.2"

"@nodelib/fs.scandir@2.1.5":
  "integrity" "sha512-vq24Bq3ym5HEQm2NKCr3yXDwjc7vTsEThRDnkp2DK9p1uqLR+DHurm/NOTo0KG7HYHU7eppKZj3MyqYuMBf62g=="
  "resolved" "https://registry.npmjs.org/@nodelib/fs.scandir/-/fs.scandir-2.1.5.tgz"
  "version" "2.1.5"
  dependencies:
    "@nodelib/fs.stat" "2.0.5"
    "run-parallel" "^1.1.9"

"@nodelib/fs.stat@^2.0.2", "@nodelib/fs.stat@2.0.5":
  "integrity" "sha512-RkhPPp2zrqDAQA/2jNhnztcPAlv64XdhIp7a7454A5ovI7Bukxgt7MX7udwAu3zg1DcpPU0rz3VV1SeaqvY4+A=="
  "resolved" "https://registry.npmjs.org/@nodelib/fs.stat/-/fs.stat-2.0.5.tgz"
  "version" "2.0.5"

"@nodelib/fs.walk@^1.2.3":
  "integrity" "sha512-oGB+UxlgWcgQkgwo8GcEGwemoTFt3FIO9ababBmaGwXIoBKZ+GTy0pP185beGg7Llih/NSHSV2XAs1lnznocSg=="
  "resolved" "https://registry.npmjs.org/@nodelib/fs.walk/-/fs.walk-1.2.8.tgz"
  "version" "1.2.8"
  dependencies:
    "@nodelib/fs.scandir" "2.1.5"
    "fastq" "^1.6.0"

"@popperjs/core@^2.9.2":
  "integrity" "sha512-9X2obfABZuDVLCgPK9aX0a/x4jaOEweTTWE2+9sr0Qqqevj2Uv5XorvusThmc9XGYpS9yI+fhh8RTafBtGposw=="
  "resolved" "https://registry.npmjs.org/@popperjs/core/-/core-2.11.5.tgz"
  "version" "2.11.5"

"@types/stack-trace@0.0.29":
  "integrity" "sha512-TgfOX+mGY/NyNxJLIbDWrO9DjGoVSW9+aB8H2yy1fy32jsvxijhmyJI9fDFgvz3YP4lvJaq9DzdR/M1bOgVc9g=="
  "resolved" "https://registry.npmjs.org/@types/stack-trace/-/stack-trace-0.0.29.tgz"
  "version" "0.0.29"

"@vitejs/plugin-vue@^2.3.2":
  "integrity" "sha512-umyypfSHS4kQLdYAnJHhaASq7FRzNCdvcRoQ3uYGNk1/M4a+hXUd7ysN7BLhCrWH6uBokyCkFeUAaFDzSaaSrQ=="
  "resolved" "https://registry.npmjs.org/@vitejs/plugin-vue/-/plugin-vue-2.3.2.tgz"
  "version" "2.3.2"

"@vue/compiler-core@3.2.33":
  "integrity" "sha512-AAmr52ji3Zhk7IKIuigX2osWWsb2nQE5xsdFYjdnmtQ4gymmqXbjLvkSE174+fF3A3kstYrTgGkqgOEbsdLDpw=="
  "resolved" "https://registry.npmjs.org/@vue/compiler-core/-/compiler-core-3.2.33.tgz"
  "version" "3.2.33"
  dependencies:
    "@babel/parser" "^7.16.4"
    "@vue/shared" "3.2.33"
    "estree-walker" "^2.0.2"
    "source-map" "^0.6.1"

"@vue/compiler-dom@3.2.33":
  "integrity" "sha512-GhiG1C8X98Xz9QUX/RlA6/kgPBWJkjq0Rq6//5XTAGSYrTMBgcLpP9+CnlUg1TFxnnCVughAG+KZl28XJqw8uQ=="
  "resolved" "https://registry.npmjs.org/@vue/compiler-dom/-/compiler-dom-3.2.33.tgz"
  "version" "3.2.33"
  dependencies:
    "@vue/compiler-core" "3.2.33"
    "@vue/shared" "3.2.33"

"@vue/compiler-sfc@3.2.33":
  "integrity" "sha512-H8D0WqagCr295pQjUYyO8P3IejM3vEzeCO1apzByAEaAR/WimhMYczHfZVvlCE/9yBaEu/eu9RdiWr0kF8b71Q=="
  "resolved" "https://registry.npmjs.org/@vue/compiler-sfc/-/compiler-sfc-3.2.33.tgz"
  "version" "3.2.33"
  dependencies:
    "@babel/parser" "^7.16.4"
    "@vue/compiler-core" "3.2.33"
    "@vue/compiler-dom" "3.2.33"
    "@vue/compiler-ssr" "3.2.33"
    "@vue/reactivity-transform" "3.2.33"
    "@vue/shared" "3.2.33"
    "estree-walker" "^2.0.2"
    "magic-string" "^0.25.7"
    "postcss" "^8.1.10"
    "source-map" "^0.6.1"

"@vue/compiler-ssr@3.2.33":
  "integrity" "sha512-XQh1Xdk3VquDpXsnoCd7JnMoWec9CfAzQDQsaMcSU79OrrO2PNR0ErlIjm/mGq3GmBfkQjzZACV+7GhfRB8xMQ=="
  "resolved" "https://registry.npmjs.org/@vue/compiler-ssr/-/compiler-ssr-3.2.33.tgz"
  "version" "3.2.33"
  dependencies:
    "@vue/compiler-dom" "3.2.33"
    "@vue/shared" "3.2.33"

"@vue/reactivity-transform@3.2.33":
  "integrity" "sha512-4UL5KOIvSQb254aqenW4q34qMXbfZcmEsV/yVidLUgvwYQQ/D21bGX3DlgPUGI3c4C+iOnNmDCkIxkILoX/Pyw=="
  "resolved" "https://registry.npmjs.org/@vue/reactivity-transform/-/reactivity-transform-3.2.33.tgz"
  "version" "3.2.33"
  dependencies:
    "@babel/parser" "^7.16.4"
    "@vue/compiler-core" "3.2.33"
    "@vue/shared" "3.2.33"
    "estree-walker" "^2.0.2"
    "magic-string" "^0.25.7"

"@vue/reactivity@3.2.33":
  "integrity" "sha512-62Sq0mp9/0bLmDuxuLD5CIaMG2susFAGARLuZ/5jkU1FCf9EDbwUuF+BO8Ub3Rbodx0ziIecM/NsmyjardBxfQ=="
  "resolved" "https://registry.npmjs.org/@vue/reactivity/-/reactivity-3.2.33.tgz"
  "version" "3.2.33"
  dependencies:
    "@vue/shared" "3.2.33"

"@vue/runtime-core@3.2.33":
  "integrity" "sha512-N2D2vfaXsBPhzCV3JsXQa2NECjxP3eXgZlFqKh4tgakp3iX6LCGv76DLlc+IfFZq+TW10Y8QUfeihXOupJ1dGw=="
  "resolved" "https://registry.npmjs.org/@vue/runtime-core/-/runtime-core-3.2.33.tgz"
  "version" "3.2.33"
  dependencies:
    "@vue/reactivity" "3.2.33"
    "@vue/shared" "3.2.33"

"@vue/runtime-dom@3.2.33":
  "integrity" "sha512-LSrJ6W7CZTSUygX5s8aFkraDWlO6K4geOwA3quFF2O+hC3QuAMZt/0Xb7JKE3C4JD4pFwCSO7oCrZmZ0BIJUnw=="
  "resolved" "https://registry.npmjs.org/@vue/runtime-dom/-/runtime-dom-3.2.33.tgz"
  "version" "3.2.33"
  dependencies:
    "@vue/runtime-core" "3.2.33"
    "@vue/shared" "3.2.33"
    "csstype" "^2.6.8"

"@vue/server-renderer@3.2.33":
  "integrity" "sha512-4jpJHRD4ORv8PlbYi+/MfP8ec1okz6rybe36MdpkDrGIdEItHEUyaHSKvz+ptNEyQpALmmVfRteHkU9F8vxOew=="
  "resolved" "https://registry.npmjs.org/@vue/server-renderer/-/server-renderer-3.2.33.tgz"
  "version" "3.2.33"
  dependencies:
    "@vue/compiler-ssr" "3.2.33"
    "@vue/shared" "3.2.33"

"@vue/shared@3.2.33":
  "integrity" "sha512-UBc1Pg1T3yZ97vsA2ueER0F6GbJebLHYlEi4ou1H5YL4KWvMOOWwpYo9/QpWq93wxKG6Wo13IY74Hcn/f7c7Bg=="
  "resolved" "https://registry.npmjs.org/@vue/shared/-/shared-3.2.33.tgz"
  "version" "3.2.33"

"acorn-node@^1.6.1":
  "integrity" "sha512-8mt+fslDufLYntIoPAaIMUe/lrbrehIiwmR3t2k9LljIzoigEPF27eLk2hy8zSGzmR/ogr7zbRKINMo1u0yh5A=="
  "resolved" "https://registry.npmjs.org/acorn-node/-/acorn-node-1.8.2.tgz"
  "version" "1.8.2"
  dependencies:
    "acorn" "^7.0.0"
    "acorn-walk" "^7.0.0"
    "xtend" "^4.0.2"

"acorn-walk@^7.0.0":
  "integrity" "sha512-OPdCF6GsMIP+Az+aWfAAOEt2/+iVDKE7oy6lJ098aoe59oAmK76qV6Gw60SbZ8jHuG2wH058GF4pLFbYamYrVA=="
  "resolved" "https://registry.npmjs.org/acorn-walk/-/acorn-walk-7.2.0.tgz"
  "version" "7.2.0"

"acorn@^7.0.0":
  "integrity" "sha512-nQyp0o1/mNdbTO1PO6kHkwSrmgZ0MT/jCCpNiwbUjGoRN4dlBhqJtoQuCnEOKzgTVwg0ZWiCoQy6SxMebQVh8A=="
  "resolved" "https://registry.npmjs.org/acorn/-/acorn-7.4.1.tgz"
  "version" "7.4.1"

"anymatch@~3.1.2":
  "integrity" "sha512-P43ePfOAIupkguHUycrc4qJ9kz8ZiuOUijaETwX7THt0Y/GNK7v0aa8rY816xWjZ7rJdA5XdMcpVFTKMq+RvWg=="
  "resolved" "https://registry.npmjs.org/anymatch/-/anymatch-3.1.2.tgz"
  "version" "3.1.2"
  dependencies:
    "normalize-path" "^3.0.0"
    "picomatch" "^2.0.4"

"arg@^5.0.1":
  "integrity" "sha512-e0hDa9H2Z9AwFkk2qDlwhoMYE4eToKarchkQHovNdLTCYMHZHeRjI71crOh+dio4K6u1IcwubQqo79Ga4CyAQA=="
  "resolved" "https://registry.npmjs.org/arg/-/arg-5.0.1.tgz"
  "version" "5.0.1"

"autoprefixer@^10.4.7":
  "integrity" "sha512-ypHju4Y2Oav95SipEcCcI5J7CGPuvz8oat7sUtYj3ClK44bldfvtvcxK6IEK++7rqB7YchDGzweZIBG+SD0ZAA=="
  "resolved" "https://registry.npmjs.org/autoprefixer/-/autoprefixer-10.4.7.tgz"
  "version" "10.4.7"
  dependencies:
    "browserslist" "^4.20.3"
    "caniuse-lite" "^1.0.30001335"
    "fraction.js" "^4.2.0"
    "normalize-range" "^0.1.2"
    "picocolors" "^1.0.0"
    "postcss-value-parser" "^4.2.0"

"binary-extensions@^2.0.0":
  "integrity" "sha512-jDctJ/IVQbZoJykoeHbhXpOlNBqGNcwXJKJog42E5HDPUwQTSdjCHdihjj0DlnheQ7blbT6dHOafNAiS8ooQKA=="
  "resolved" "https://registry.npmjs.org/binary-extensions/-/binary-extensions-2.2.0.tgz"
  "version" "2.2.0"

"blake3-wasm@^2.1.5":
  "integrity" "sha512-F1+K8EbfOZE49dtoPtmxUQrpXaBIl3ICvasLh+nJta0xkz+9kF/7uet9fLnwKqhDrmj6g+6K3Tw9yQPUg2ka5g=="
  "resolved" "https://registry.npmjs.org/blake3-wasm/-/blake3-wasm-2.1.5.tgz"
  "version" "2.1.5"

"braces@^3.0.2", "braces@~3.0.2":
  "integrity" "sha512-b8um+L1RzM3WDSzvhm6gIz1yfTbBt6YTlcEKAvsmqCZZFw46z626lVj9j1yEPW33H5H+lBQpZMP1k8l+78Ha0A=="
  "resolved" "https://registry.npmjs.org/braces/-/braces-3.0.2.tgz"
  "version" "3.0.2"
  dependencies:
    "fill-range" "^7.0.1"

"browserslist@^4.20.3":
  "integrity" "sha512-NBhymBQl1zM0Y5dQT/O+xiLP9/rzOIQdKM/eMJBAq7yBgaB6krIYLGejrwVYnSHZdqjscB1SPuAjHwxjvN6Wdg=="
  "resolved" "https://registry.npmjs.org/browserslist/-/browserslist-4.20.3.tgz"
  "version" "4.20.3"
  dependencies:
    "caniuse-lite" "^1.0.30001332"
    "electron-to-chromium" "^1.4.118"
    "escalade" "^3.1.1"
    "node-releases" "^2.0.3"
    "picocolors" "^1.0.0"

"buffer-from@^1.0.0":
  "integrity" "sha512-E+XQCRwSbaaiChtv6k6Dwgc+bx+Bs6vuKJHHl5kox/BaKbhiXzqQOwK4cO22yElGp2OCmjwVhT3HmxgyPGnJfQ=="
  "resolved" "https://registry.npmjs.org/buffer-from/-/buffer-from-1.1.2.tgz"
  "version" "1.1.2"

"busboy@^1.6.0":
  "integrity" "sha512-8SFQbg/0hQ9xy3UNTB0YEnsNBbWfhf7RtnzpL7TkBiTBRfrQ9Fxcnz7VJsleJpyp6rVLvXiuORqjlHi5q+PYuA=="
  "resolved" "https://registry.npmjs.org/busboy/-/busboy-1.6.0.tgz"
  "version" "1.6.0"
  dependencies:
    "streamsearch" "^1.1.0"

"camelcase-css@^2.0.1":
  "integrity" "sha512-QOSvevhslijgYwRx6Rv7zKdMF8lbRmx+uQGx2+vDc+KI/eBnsy9kit5aj23AgGu3pa4t9AgwbnXWqS+iOY+2aA=="
  "resolved" "https://registry.npmjs.org/camelcase-css/-/camelcase-css-2.0.1.tgz"
  "version" "2.0.1"

"caniuse-lite@^1.0.30001332", "caniuse-lite@^1.0.30001335":
  "integrity" "sha512-Es8PiVqCe+uXdms0Gu5xP5PF2bxLR7OBp3wUzUnuO7OHzhOfCyg3hdiGWVPVxhiuniOzng+hTc1u3fEQ0TlkSQ=="
  "resolved" "https://registry.npmjs.org/caniuse-lite/-/caniuse-lite-1.0.30001339.tgz"
  "version" "1.0.30001339"

"chokidar@^3.5.3":
  "integrity" "sha512-Dr3sfKRP6oTcjf2JmUmFJfeVMvXBdegxB0iVQ5eb2V10uFJUCAS8OByZdVAyVb8xXNz3GjjTgj9kLWsZTqE6kw=="
  "resolved" "https://registry.npmjs.org/chokidar/-/chokidar-3.5.3.tgz"
  "version" "3.5.3"
  dependencies:
    "anymatch" "~3.1.2"
    "braces" "~3.0.2"
    "glob-parent" "~5.1.2"
    "is-binary-path" "~2.1.0"
    "is-glob" "~4.0.1"
    "normalize-path" "~3.0.0"
    "readdirp" "~3.6.0"
  optionalDependencies:
    "fsevents" "~2.3.2"

"color-name@^1.1.4":
  "integrity" "sha512-dOy+3AuW3a2wNbZHIuMZpTcgjGuLU/uBL/ubcZF9OXbDo8ff4O8yVp5Bf0efS8uEoYo5q4Fx7dY9OgQGXgAsQA=="
  "resolved" "https://registry.npmjs.org/color-name/-/color-name-1.1.4.tgz"
  "version" "1.1.4"

"cookie@^0.4.1":
  "integrity" "sha512-aSWTXFzaKWkvHO1Ny/s+ePFpvKsPnjc551iI41v3ny/ow6tBG5Vd+FuqGNhh1LxOmVzOlGUriIlOaokOvhaStA=="
  "resolved" "https://registry.npmjs.org/cookie/-/cookie-0.4.2.tgz"
  "version" "0.4.2"

"cron-schedule@^3.0.4":
  "integrity" "sha512-izfGgKyzzIyLaeb1EtZ3KbglkS6AKp9cv7LxmiyoOu+fXfol1tQDC0Cof0enVZGNtudTHW+3lfuW9ZkLQss4Wg=="
  "resolved" "https://registry.npmjs.org/cron-schedule/-/cron-schedule-3.0.6.tgz"
  "version" "3.0.6"

"cssesc@^3.0.0":
  "integrity" "sha512-/Tb/JcjK111nNScGob5MNtsntNM1aCNUDipB/TkwZFhyDrrE47SOx/18wF2bbjgc3ZzCSKW1T5nt5EbFoAz/Vg=="
  "resolved" "https://registry.npmjs.org/cssesc/-/cssesc-3.0.0.tgz"
  "version" "3.0.0"

"csstype@^2.6.8":
  "integrity" "sha512-/WwNkdXfckNgw6S5R125rrW8ez139lBHWouiBvX8dfMFtcn6V81REDqnH7+CRpRipfYlyU1CmOnOxrmGcFOjeA=="
  "resolved" "https://registry.npmjs.org/csstype/-/csstype-2.6.20.tgz"
  "version" "2.6.20"

"debounce@^1.2.1":
  "integrity" "sha512-XRRe6Glud4rd/ZGQfiV1ruXSfbvfJedlV9Y6zOlP+2K04vBYiJEte6stfFkCP03aMnY5tsipamumUjL14fofug=="
  "resolved" "https://registry.npmjs.org/debounce/-/debounce-1.2.1.tgz"
  "version" "1.2.1"

"defined@^1.0.0":
  "integrity" "sha1-yY2bzvdWdBiOEQlpFRGZ45sfppM="
  "resolved" "https://registry.npmjs.org/defined/-/defined-1.0.0.tgz"
  "version" "1.0.0"

"detective@^5.2.0":
  "integrity" "sha512-6SsIx+nUUbuK0EthKjv0zrdnajCCXVYGmbYYiYjFVpzcjwEs/JMDZ8tPRG29J/HhN56t3GJp2cGSWDRjjot8Pg=="
  "resolved" "https://registry.npmjs.org/detective/-/detective-5.2.0.tgz"
  "version" "5.2.0"
  dependencies:
    "acorn-node" "^1.6.1"
    "defined" "^1.0.0"
    "minimist" "^1.1.1"

"didyoumean@^1.2.2":
  "integrity" "sha512-gxtyfqMg7GKyhQmb056K7M3xszy/myH8w+B4RT+QXBQsvAOdc3XymqDDPHx1BgPgsdAA5SIifona89YtRATDzw=="
  "resolved" "https://registry.npmjs.org/didyoumean/-/didyoumean-1.2.2.tgz"
  "version" "1.2.2"

"dlv@^1.1.3":
  "integrity" "sha512-+HlytyjlPKnIG8XuRG8WvmBP8xs8P71y+SKKS6ZXWoEgLuePxtDoUEiH7WkdePWrQ5JBpE6aoVqfZfJUQkjXwA=="
  "resolved" "https://registry.npmjs.org/dlv/-/dlv-1.1.3.tgz"
  "version" "1.1.3"

"dotenv@^10.0.0":
  "integrity" "sha512-rlBi9d8jpv9Sf1klPjNfFAuWDjKLwTIJJ/VxtoTwIR6hnZxcEOQCZg2oIL3MWBYw5GpUDKOEnND7LXTbIpQ03Q=="
  "resolved" "https://registry.npmjs.org/dotenv/-/dotenv-10.0.0.tgz"
  "version" "10.0.0"

"electron-to-chromium@^1.4.118":
  "integrity" "sha512-0Rcpald12O11BUogJagX3HsCN3FE83DSqWjgXoHo5a72KUKMSfI39XBgJpgNNxS9fuGzytaFjE06kZkiVFy2qA=="
  "resolved" "https://registry.npmjs.org/electron-to-chromium/-/electron-to-chromium-1.4.137.tgz"
  "version" "1.4.137"

"esbuild-darwin-64@0.14.34":
  "integrity" "sha512-pLRip2Bh4Ng7Bf6AMgCrSp3pPe/qZyf11h5Qo2mOfJqLWzSVjxrXW+CFRJfrOVP7TCnh/gmZSM2AFdCPB72vtw=="
  "resolved" "https://registry.npmjs.org/esbuild-darwin-64/-/esbuild-darwin-64-0.14.34.tgz"
  "version" "0.14.34"

"esbuild-darwin-64@0.14.38":
  "integrity" "sha512-5JJvgXkX87Pd1Og0u/NJuO7TSqAikAcQQ74gyJ87bqWRVeouky84ICoV4sN6VV53aTW+NE87qLdGY4QA2S7KNA=="
  "resolved" "https://registry.npmjs.org/esbuild-darwin-64/-/esbuild-darwin-64-0.14.38.tgz"
  "version" "0.14.38"

"esbuild@*", "esbuild@0.14.34":
  "integrity" "sha512-QIWdPT/gFF6hCaf4m7kP0cJ+JIuFkdHibI7vVFvu3eJS1HpVmYHWDulyN5WXwbRA0SX/7ZDaJ/1DH8SdY9xOJg=="
  "resolved" "https://registry.npmjs.org/esbuild/-/esbuild-0.14.34.tgz"
  "version" "0.14.34"
  optionalDependencies:
    "esbuild-android-64" "0.14.34"
    "esbuild-android-arm64" "0.14.34"
    "esbuild-darwin-64" "0.14.34"
    "esbuild-darwin-arm64" "0.14.34"
    "esbuild-freebsd-64" "0.14.34"
    "esbuild-freebsd-arm64" "0.14.34"
    "esbuild-linux-32" "0.14.34"
    "esbuild-linux-64" "0.14.34"
    "esbuild-linux-arm" "0.14.34"
    "esbuild-linux-arm64" "0.14.34"
    "esbuild-linux-mips64le" "0.14.34"
    "esbuild-linux-ppc64le" "0.14.34"
    "esbuild-linux-riscv64" "0.14.34"
    "esbuild-linux-s390x" "0.14.34"
    "esbuild-netbsd-64" "0.14.34"
    "esbuild-openbsd-64" "0.14.34"
    "esbuild-sunos-64" "0.14.34"
    "esbuild-windows-32" "0.14.34"
    "esbuild-windows-64" "0.14.34"
    "esbuild-windows-arm64" "0.14.34"

"esbuild@^0.14.27":
  "integrity" "sha512-12fzJ0fsm7gVZX1YQ1InkOE5f9Tl7cgf6JPYXRJtPIoE0zkWAbHdPHVPPaLi9tYAcEBqheGzqLn/3RdTOyBfcA=="
  "resolved" "https://registry.npmjs.org/esbuild/-/esbuild-0.14.38.tgz"
  "version" "0.14.38"
  optionalDependencies:
    "esbuild-android-64" "0.14.38"
    "esbuild-android-arm64" "0.14.38"
    "esbuild-darwin-64" "0.14.38"
    "esbuild-darwin-arm64" "0.14.38"
    "esbuild-freebsd-64" "0.14.38"
    "esbuild-freebsd-arm64" "0.14.38"
    "esbuild-linux-32" "0.14.38"
    "esbuild-linux-64" "0.14.38"
    "esbuild-linux-arm" "0.14.38"
    "esbuild-linux-arm64" "0.14.38"
    "esbuild-linux-mips64le" "0.14.38"
    "esbuild-linux-ppc64le" "0.14.38"
    "esbuild-linux-riscv64" "0.14.38"
    "esbuild-linux-s390x" "0.14.38"
    "esbuild-netbsd-64" "0.14.38"
    "esbuild-openbsd-64" "0.14.38"
    "esbuild-sunos-64" "0.14.38"
    "esbuild-windows-32" "0.14.38"
    "esbuild-windows-64" "0.14.38"
    "esbuild-windows-arm64" "0.14.38"

"escalade@^3.1.1":
  "integrity" "sha512-k0er2gUkLf8O0zKJiAhmkTnJlTvINGv7ygDNPbeIsX/TJjGJZHuh9B2UxbsaEkmlEo9MfhrSzmhIlhRlI2GXnw=="
  "resolved" "https://registry.npmjs.org/escalade/-/escalade-3.1.1.tgz"
  "version" "3.1.1"

"escape-string-regexp@^4.0.0":
  "integrity" "sha512-TtpcNJ3XAzx3Gq8sWRzJaVajRs0uVxA2YAkdb1jm2YkPz4G6egUFAyA3n5vtEIZefPk5Wa4UXbKuS5fKkJWdgA=="
  "resolved" "https://registry.npmjs.org/escape-string-regexp/-/escape-string-regexp-4.0.0.tgz"
  "version" "4.0.0"

"estree-walker@^0.6.1":
  "integrity" "sha512-SqmZANLWS0mnatqbSfRP5g8OXZC12Fgg1IwNtLsyHDzJizORW4khDfjPqJZsemPWBB2uqykUah5YpQ6epsqC/w=="
  "resolved" "https://registry.npmjs.org/estree-walker/-/estree-walker-0.6.1.tgz"
  "version" "0.6.1"

"estree-walker@^2.0.2":
  "integrity" "sha512-Rfkk/Mp/DL7JVje3u18FxFujQlTNR2q6QfMSMB7AvCBx91NGj/ba3kCfza0f6dVDbw7YlRf/nDrn7pQrCCyQ/w=="
  "resolved" "https://registry.npmjs.org/estree-walker/-/estree-walker-2.0.2.tgz"
  "version" "2.0.2"

"fast-glob@^3.2.11":
  "integrity" "sha512-xrO3+1bxSo3ZVHAnqzyuewYT6aMFHRAd4Kcs92MAonjwQZLsK9d0SF1IyQ3k5PoirxTW0Oe/RqFgMQ6TcNE5Ew=="
  "resolved" "https://registry.npmjs.org/fast-glob/-/fast-glob-3.2.11.tgz"
  "version" "3.2.11"
  dependencies:
    "@nodelib/fs.stat" "^2.0.2"
    "@nodelib/fs.walk" "^1.2.3"
    "glob-parent" "^5.1.2"
    "merge2" "^1.3.0"
    "micromatch" "^4.0.4"

"fastq@^1.6.0":
  "integrity" "sha512-YpkpUnK8od0o1hmeSc7UUs/eB/vIPWJYjKck2QKIzAf71Vm1AAQ3EbuZB3g2JIy+pg+ERD0vqI79KyZiB2e2Nw=="
  "resolved" "https://registry.npmjs.org/fastq/-/fastq-1.13.0.tgz"
  "version" "1.13.0"
  dependencies:
    "reusify" "^1.0.4"

"fill-range@^7.0.1":
  "integrity" "sha512-qOo9F+dMUmC2Lcb4BbVvnKJxTPjCm+RRpe4gDuGrzkL7mEVl/djYSu2OdQ2Pa302N4oqkSg9ir6jaLWJ2USVpQ=="
  "resolved" "https://registry.npmjs.org/fill-range/-/fill-range-7.0.1.tgz"
  "version" "7.0.1"
  dependencies:
    "to-regex-range" "^5.0.1"

"fraction.js@^4.2.0":
  "integrity" "sha512-MhLuK+2gUcnZe8ZHlaaINnQLl0xRIGRfcGk2yl8xoQAfHrSsL3rYu6FCmBdkdbhc9EPlwyGHewaRsvwRMJtAlA=="
  "resolved" "https://registry.npmjs.org/fraction.js/-/fraction.js-4.2.0.tgz"
  "version" "4.2.0"

"fsevents@~2.3.2":
  "integrity" "sha512-xiqMQR4xAeHTuB9uWm+fFRcIOgKBMiOBP+eXiyT7jsgVCq1bkVygt00oASowB7EdtpOHaaPgKt812P9ab+DDKA=="
  "resolved" "https://registry.npmjs.org/fsevents/-/fsevents-2.3.2.tgz"
  "version" "2.3.2"

"function-bind@^1.1.1":
  "integrity" "sha512-yIovAzMX49sF8Yl58fSCWJ5svSLuaibPxXQJFLmBObTuCr0Mf1KiPopGM9NiFjiYBCbfaa2Fh6breQ6ANVTI0A=="
  "resolved" "https://registry.npmjs.org/function-bind/-/function-bind-1.1.1.tgz"
  "version" "1.1.1"

"glob-parent@^5.1.2", "glob-parent@~5.1.2":
  "integrity" "sha512-AOIgSQCepiJYwP3ARnGx+5VnTu2HBYdzbGP45eLw1vr3zB3vZLeyed1sC9hnbcOc9/SrMyM5RPQrkGz4aS9Zow=="
  "resolved" "https://registry.npmjs.org/glob-parent/-/glob-parent-5.1.2.tgz"
  "version" "5.1.2"
  dependencies:
    "is-glob" "^4.0.1"

"glob-parent@^6.0.2":
  "integrity" "sha512-XxwI8EOhVQgWp6iDL+3b0r86f4d6AX6zSU55HfB4ydCEuXLXc5FcYeOu+nnGftS4TEju/11rt4KJPTMgbfmv4A=="
  "resolved" "https://registry.npmjs.org/glob-parent/-/glob-parent-6.0.2.tgz"
  "version" "6.0.2"
  dependencies:
    "is-glob" "^4.0.3"

"has@^1.0.3":
  "integrity" "sha512-f2dvO0VU6Oej7RkWJGrehjbzMAjFp5/VKPp5tTpWIV4JHHZK1/BxbFRtf/siA2SWTe09caDmVtYYzWEIbBS4zw=="
  "resolved" "https://registry.npmjs.org/has/-/has-1.0.3.tgz"
  "version" "1.0.3"
  dependencies:
    "function-bind" "^1.1.1"

"html-rewriter-wasm@^0.4.1":
  "integrity" "sha512-lNovG8CMCCmcVB1Q7xggMSf7tqPCijZXaH4gL6iE8BFghdQCbaY5Met9i1x2Ex8m/cZHDUtXK9H6/znKamRP8Q=="
  "resolved" "https://registry.npmjs.org/html-rewriter-wasm/-/html-rewriter-wasm-0.4.1.tgz"
  "version" "0.4.1"

"http-cache-semantics@^4.1.0":
  "integrity" "sha512-carPklcUh7ROWRK7Cv27RPtdhYhUsela/ue5/jKzjegVvXDqM2ILE9Q2BGn9JZJh1g87cp56su/FgQSzcWS8cQ=="
  "resolved" "https://registry.npmjs.org/http-cache-semantics/-/http-cache-semantics-4.1.0.tgz"
  "version" "4.1.0"

"ignore@^5.1.8":
  "integrity" "sha512-CmxgYGiEPCLhfLnpPp1MoRmifwEIOgjcHXxOBjv7mY96c+eWScsOP9c112ZyLdWHi0FxHjI+4uVhKYp/gcdRmQ=="
  "resolved" "https://registry.npmjs.org/ignore/-/ignore-5.2.0.tgz"
  "version" "5.2.0"

"is-binary-path@~2.1.0":
  "integrity" "sha512-ZMERYes6pDydyuGidse7OsHxtbI7WVeUEozgR/g7rd0xUimYNlvZRE/K2MgZTjWy725IfelLeVcEM97mmtRGXw=="
  "resolved" "https://registry.npmjs.org/is-binary-path/-/is-binary-path-2.1.0.tgz"
  "version" "2.1.0"
  dependencies:
    "binary-extensions" "^2.0.0"

"is-core-module@^2.8.1":
  "integrity" "sha512-+5FPy5PnwmO3lvfMb0AsoPaBG+5KHUI0wYFXOtYPnVVVspTFUuMZNfNaNVRt3FZadstu2c8x23vykRW/NBoU6A=="
  "resolved" "https://registry.npmjs.org/is-core-module/-/is-core-module-2.9.0.tgz"
  "version" "2.9.0"
  dependencies:
    "has" "^1.0.3"

"is-extglob@^2.1.1":
  "integrity" "sha1-qIwCU1eR8C7TfHahueqXc8gz+MI="
  "resolved" "https://registry.npmjs.org/is-extglob/-/is-extglob-2.1.1.tgz"
  "version" "2.1.1"

"is-glob@^4.0.1", "is-glob@^4.0.3", "is-glob@~4.0.1":
  "integrity" "sha512-xelSayHH36ZgE7ZWhli7pW34hNbNl8Ojv5KVmkJD4hBdD3th8Tfk9vYasLM+mXWOZhFkgZfxhLSnrwRr4elSSg=="
  "resolved" "https://registry.npmjs.org/is-glob/-/is-glob-4.0.3.tgz"
  "version" "4.0.3"
  dependencies:
    "is-extglob" "^2.1.1"

"is-number@^7.0.0":
  "integrity" "sha512-41Cifkg6e8TylSpdtTpeLVMqvSBEVzTttHvERD741+pnZ8ANv0004MRL43QKPDlK9cGvNp6NZWZUBlbGXYxxng=="
  "resolved" "https://registry.npmjs.org/is-number/-/is-number-7.0.0.tgz"
  "version" "7.0.0"

"kleur@^4.1.4":
  "integrity" "sha512-8QADVssbrFjivHWQU7KkMgptGTl6WAcSdlbBPY4uNF+mWr6DGcKrvY2w4FQJoXch7+fKMjj0dRrL75vk3k23OA=="
  "resolved" "https://registry.npmjs.org/kleur/-/kleur-4.1.4.tgz"
  "version" "4.1.4"

"lilconfig@^2.0.5":
  "integrity" "sha512-xaYmXZtTHPAw5m+xLN8ab9C+3a8YmV3asNSPOATITbtwrfbwaLJj8h66H1WMIpALCkqsIzK3h7oQ+PdX+LQ9Eg=="
  "resolved" "https://registry.npmjs.org/lilconfig/-/lilconfig-2.0.5.tgz"
  "version" "2.0.5"

"magic-string@^0.25.3", "magic-string@^0.25.7":
  "integrity" "sha512-RmF0AsMzgt25qzqqLc1+MbHmhdx0ojF2Fvs4XnOqz2ZOBXzzkEwc/dJQZCYHAn7v1jbVOjAZfK8msRn4BxO4VQ=="
  "resolved" "https://registry.npmjs.org/magic-string/-/magic-string-0.25.9.tgz"
  "version" "0.25.9"
  dependencies:
    "sourcemap-codec" "^1.4.8"

"merge2@^1.3.0":
  "integrity" "sha512-8q7VEgMJW4J8tcfVPy8g09NcQwZdbwFEqhe/WZkoIzjn/3TGDwtOCYtXGxA3O8tPzpczCCDgv+P2P5y00ZJOOg=="
  "resolved" "https://registry.npmjs.org/merge2/-/merge2-1.4.1.tgz"
  "version" "1.4.1"

"micromatch@^4.0.4":
  "integrity" "sha512-DMy+ERcEW2q8Z2Po+WNXuw3c5YaUSFjAO5GsJqfEl7UjvtIuFKO6ZrKvcItdy98dwFI2N1tg3zNIdKaQT+aNdA=="
  "resolved" "https://registry.npmjs.org/micromatch/-/micromatch-4.0.5.tgz"
  "version" "4.0.5"
  dependencies:
    "braces" "^3.0.2"
    "picomatch" "^2.3.1"

"miniflare@^2.5.0":
  "integrity" "sha512-3IR+n/kLBA7zQ20HDjnA0HufQlr197krD8jPsaYO5wTrkIUCTvrilbI0sCo0X9CP/I3BCIl8fiZc1Jf7+MX7jQ=="
  "resolved" "https://registry.npmjs.org/miniflare/-/miniflare-2.5.0.tgz"
  "version" "2.5.0"
  dependencies:
    "@miniflare/cache" "2.5.0"
    "@miniflare/cli-parser" "2.5.0"
    "@miniflare/core" "2.5.0"
    "@miniflare/durable-objects" "2.5.0"
    "@miniflare/html-rewriter" "2.5.0"
    "@miniflare/http-server" "2.5.0"
    "@miniflare/kv" "2.5.0"
    "@miniflare/runner-vm" "2.5.0"
    "@miniflare/scheduler" "2.5.0"
    "@miniflare/shared" "2.5.0"
    "@miniflare/sites" "2.5.0"
    "@miniflare/storage-file" "2.5.0"
    "@miniflare/storage-memory" "2.5.0"
    "@miniflare/web-sockets" "2.5.0"
    "kleur" "^4.1.4"
    "semiver" "^1.1.0"
    "source-map-support" "^0.5.20"
    "undici" "5.3.0"

"minimist@^1.1.1":
  "integrity" "sha512-Jsjnk4bw3YJqYzbdyBiNsPWHPfO++UGG749Cxs6peCu5Xg4nrena6OVxOYxrQTqww0Jmwt+Ref8rggumkTLz9Q=="
  "resolved" "https://registry.npmjs.org/minimist/-/minimist-1.2.6.tgz"
  "version" "1.2.6"

"mustache@^4.2.0":
  "integrity" "sha512-71ippSywq5Yb7/tVYyGbkBggbU8H3u5Rz56fH60jGFgr8uHwxs+aSKeqmluIVzM0m0kB7xQjKS6qPfd0b2ZoqQ=="
  "resolved" "https://registry.npmjs.org/mustache/-/mustache-4.2.0.tgz"
  "version" "4.2.0"

"nanoid@^3.3.3":
  "integrity" "sha512-MqBkQh/OHTS2egovRtLk45wEyNXwF+cokD+1YPf9u5VfJiRdAiRwB2froX5Co9Rh20xs4siNPm8naNotSD6RBw=="
  "resolved" "https://registry.npmjs.org/nanoid/-/nanoid-3.3.4.tgz"
  "version" "3.3.4"

"node-forge@^1":
  "integrity" "sha512-dPEtOeMvF9VMcYV/1Wb8CPoVAXtp6MKMlcbAt4ddqmGqUJ6fQZFXkNZNkNlfevtNkGtaSoXf/vNNNSvgrdXwtA=="
  "resolved" "https://registry.npmjs.org/node-forge/-/node-forge-1.3.1.tgz"
  "version" "1.3.1"

"node-releases@^2.0.3":
  "integrity" "sha512-gbMzqQtTtDz/00jQzZ21PQzdI9PyLYqUSvD0p3naOhX4odFji0ZxYdnVwPTxmSwkmxhcFImpozceidSG+AgoPQ=="
  "resolved" "https://registry.npmjs.org/node-releases/-/node-releases-2.0.4.tgz"
  "version" "2.0.4"

"normalize-path@^3.0.0", "normalize-path@~3.0.0":
  "integrity" "sha512-6eZs5Ls3WtCisHWp9S2GUy8dqkpGi4BVSz3GaqiE6ezub0512ESztXUwUB6C6IKbQkY2Pnb/mD4WYojCRwcwLA=="
  "resolved" "https://registry.npmjs.org/normalize-path/-/normalize-path-3.0.0.tgz"
  "version" "3.0.0"

"normalize-range@^0.1.2":
  "integrity" "sha1-LRDAa9/TEuqXd2laTShDlFa3WUI="
  "resolved" "https://registry.npmjs.org/normalize-range/-/normalize-range-0.1.2.tgz"
  "version" "0.1.2"

"object-hash@^3.0.0":
  "integrity" "sha512-RSn9F68PjH9HqtltsSnqYC1XXoWe9Bju5+213R98cNGttag9q9yAOTzdbsqvIa7aNm5WffBZFpWYr2aWrklWAw=="
  "resolved" "https://registry.npmjs.org/object-hash/-/object-hash-3.0.0.tgz"
  "version" "3.0.0"

"path-parse@^1.0.7":
  "integrity" "sha512-LDJzPVEEEPR+y48z93A0Ed0yXb8pAByGWo/k5YYdYgpY2/2EsOsksJrq7lOHxryrVOn1ejG6oAp8ahvOIQD8sw=="
  "resolved" "https://registry.npmjs.org/path-parse/-/path-parse-1.0.7.tgz"
  "version" "1.0.7"

"path-to-regexp@^6.2.0":
  "integrity" "sha512-JLyh7xT1kizaEvcaXOQwOc2/Yhw6KZOvPf1S8401UyLk86CU79LN3vl7ztXGm/pZ+YjoyAJ4rxmHwbkBXJX+yw=="
  "resolved" "https://registry.npmjs.org/path-to-regexp/-/path-to-regexp-6.2.1.tgz"
  "version" "6.2.1"

"picocolors@^1.0.0":
  "integrity" "sha512-1fygroTLlHu66zi26VoTDv8yRgm0Fccecssto+MhsZ0D/DGW2sm8E8AjW7NU5VVTRt5GxbeZ5qBuJr+HyLYkjQ=="
  "resolved" "https://registry.npmjs.org/picocolors/-/picocolors-1.0.0.tgz"
  "version" "1.0.0"

"picomatch@^2.0.4", "picomatch@^2.2.1", "picomatch@^2.3.1":
  "integrity" "sha512-JU3teHTNjmE2VCGFzuY8EXzCDVwEqB2a8fsIvwaStHhAWJEeVd1o1QD80CU6+ZdEXXSLbSsuLwJjkCBWqRQUVA=="
  "resolved" "https://registry.npmjs.org/picomatch/-/picomatch-2.3.1.tgz"
  "version" "2.3.1"

"postcss-js@^4.0.0":
  "integrity" "sha512-77QESFBwgX4irogGVPgQ5s07vLvFqWr228qZY+w6lW599cRlK/HmnlivnnVUxkjHnCu4J16PDMHcH+e+2HbvTQ=="
  "resolved" "https://registry.npmjs.org/postcss-js/-/postcss-js-4.0.0.tgz"
  "version" "4.0.0"
  dependencies:
    "camelcase-css" "^2.0.1"

"postcss-load-config@^3.1.4":
  "integrity" "sha512-6DiM4E7v4coTE4uzA8U//WhtPwyhiim3eyjEMFCnUpzbrkK9wJHgKDT2mR+HbtSrd/NubVaYTOpSpjUl8NQeRg=="
  "resolved" "https://registry.npmjs.org/postcss-load-config/-/postcss-load-config-3.1.4.tgz"
  "version" "3.1.4"
  dependencies:
    "lilconfig" "^2.0.5"
    "yaml" "^1.10.2"

"postcss-nested@5.0.6":
  "integrity" "sha512-rKqm2Fk0KbA8Vt3AdGN0FB9OBOMDVajMG6ZCf/GoHgdxUJ4sBFp0A/uMIRm+MJUdo33YXEtjqIz8u7DAp8B7DA=="
  "resolved" "https://registry.npmjs.org/postcss-nested/-/postcss-nested-5.0.6.tgz"
  "version" "5.0.6"
  dependencies:
    "postcss-selector-parser" "^6.0.6"

"postcss-selector-parser@^6.0.10", "postcss-selector-parser@^6.0.6":
  "integrity" "sha512-IQ7TZdoaqbT+LCpShg46jnZVlhWD2w6iQYAcYXfHARZ7X1t/UGhhceQDs5X0cGqKvYlHNOuv7Oa1xmb0oQuA3w=="
  "resolved" "https://registry.npmjs.org/postcss-selector-parser/-/postcss-selector-parser-6.0.10.tgz"
  "version" "6.0.10"
  dependencies:
    "cssesc" "^3.0.0"
    "util-deprecate" "^1.0.2"

"postcss-value-parser@^4.2.0":
  "integrity" "sha512-1NNCs6uurfkVbeXG4S8JFT9t19m45ICnif8zWLd5oPSZ50QnwMfK+H3jv408d4jw/7Bttv5axS5IiHoLaVNHeQ=="
  "resolved" "https://registry.npmjs.org/postcss-value-parser/-/postcss-value-parser-4.2.0.tgz"
  "version" "4.2.0"

"postcss@^8.1.0", "postcss@^8.1.10", "postcss@^8.2.14", "postcss@^8.3.3", "postcss@^8.4.12", "postcss@^8.4.13", "postcss@>=8.0.9":
  "integrity" "sha512-jtL6eTBrza5MPzy8oJLFuUscHDXTV5KcLlqAWHl5q5WYRfnNRGSmOZmOZ1T6Gy7A99mOZfqungmZMpMmCVJ8ZA=="
  "resolved" "https://registry.npmjs.org/postcss/-/postcss-8.4.13.tgz"
  "version" "8.4.13"
  dependencies:
    "nanoid" "^3.3.3"
    "picocolors" "^1.0.0"
    "source-map-js" "^1.0.2"

"prettier-plugin-tailwindcss@^0.1.11":
  "integrity" "sha512-a28+1jvpIZQdZ/W97wOXb6VqI762MKE/TxMMuibMEHhyYsSxQA8Ek30KObd5kJI2HF1ldtSYprFayXJXi3pz8Q=="
  "resolved" "https://registry.npmjs.org/prettier-plugin-tailwindcss/-/prettier-plugin-tailwindcss-0.1.11.tgz"
  "version" "0.1.11"

"prettier@^2.6.2", "prettier@>=2.2.0":
  "integrity" "sha512-PkUpF+qoXTqhOeWL9fu7As8LXsIUZ1WYaJiY/a7McAQzxjk82OF0tibkFXVCDImZtWxbvojFjerkiLb0/q8mew=="
  "resolved" "https://registry.npmjs.org/prettier/-/prettier-2.6.2.tgz"
  "version" "2.6.2"

"queue-microtask@^1.2.2":
  "integrity" "sha512-NuaNSa6flKT5JaSYQzJok04JzTL1CA6aGhv5rfLW3PgqA+M2ChpZQnAC8h8i4ZFkBS8X5RqkDBHA7r4hej3K9A=="
  "resolved" "https://registry.npmjs.org/queue-microtask/-/queue-microtask-1.2.3.tgz"
  "version" "1.2.3"

"quick-lru@^5.1.1":
  "integrity" "sha512-WuyALRjWPDGtt/wzJiadO5AXY+8hZ80hVpe6MyivgraREW751X3SbhRvG3eLKOYN+8VEvqLcf3wdnt44Z4S4SA=="
  "resolved" "https://registry.npmjs.org/quick-lru/-/quick-lru-5.1.1.tgz"
  "version" "5.1.1"

"readdirp@~3.6.0":
  "integrity" "sha512-hOS089on8RduqdbhvQ5Z37A0ESjsqz6qnRcffsMU3495FuTdqSm+7bhJ29JvIOsBDEEnan5DPu9t3To9VRlMzA=="
  "resolved" "https://registry.npmjs.org/readdirp/-/readdirp-3.6.0.tgz"
  "version" "3.6.0"
  dependencies:
    "picomatch" "^2.2.1"

"resolve@^1.22.0":
  "integrity" "sha512-Hhtrw0nLeSrFQ7phPp4OOcVjLPIeMnRlr5mcnVuMe7M/7eBn98A3hmFRLoFo3DLZkivSYwhRUJTyPyWAk56WLw=="
  "resolved" "https://registry.npmjs.org/resolve/-/resolve-1.22.0.tgz"
  "version" "1.22.0"
  dependencies:
    "is-core-module" "^2.8.1"
    "path-parse" "^1.0.7"
    "supports-preserve-symlinks-flag" "^1.0.0"

"reusify@^1.0.4":
  "integrity" "sha512-U9nH88a3fc/ekCF1l0/UP1IosiuIjyTh7hBvXVMHYgVcfGvt897Xguj2UOLDeI5BG2m7/uwyaLVT6fbtCwTyzw=="
  "resolved" "https://registry.npmjs.org/reusify/-/reusify-1.0.4.tgz"
  "version" "1.0.4"

"rollup-plugin-inject@^3.0.0":
  "integrity" "sha512-ptg9PQwzs3orn4jkgXJ74bfs5vYz1NCZlSQMBUA0wKcGp5i5pA1AO3fOUEte8enhGUC+iapTCzEWw2jEFFUO/w=="
  "resolved" "https://registry.npmjs.org/rollup-plugin-inject/-/rollup-plugin-inject-3.0.2.tgz"
  "version" "3.0.2"
  dependencies:
    "estree-walker" "^0.6.1"
    "magic-string" "^0.25.3"
    "rollup-pluginutils" "^2.8.1"

"rollup-plugin-node-polyfills@^0.2.1":
  "integrity" "sha512-4kCrKPTJ6sK4/gLL/U5QzVT8cxJcofO0OU74tnB19F40cmuAKSzH5/siithxlofFEjwvw1YAhPmbvGNA6jEroA=="
  "resolved" "https://registry.npmjs.org/rollup-plugin-node-polyfills/-/rollup-plugin-node-polyfills-0.2.1.tgz"
  "version" "0.2.1"
  dependencies:
    "rollup-plugin-inject" "^3.0.0"

"rollup-pluginutils@^2.8.1":
  "integrity" "sha512-EEp9NhnUkwY8aif6bxgovPHMoMoNr2FulJziTndpt5H9RdwC47GSGuII9XxpSdzVGM0GWrNPHV6ie1LTNJPaLQ=="
  "resolved" "https://registry.npmjs.org/rollup-pluginutils/-/rollup-pluginutils-2.8.2.tgz"
  "version" "2.8.2"
  dependencies:
    "estree-walker" "^0.6.1"

"rollup@^2.59.0":
  "integrity" "sha512-NTc5UGy/NWFGpSqF1lFY8z9Adri6uhyMLI6LvPAXdBKoPRFhIIiBUpt+Qg2awixqO3xvzSijjhnb4+QEZwJmxA=="
  "resolved" "https://registry.npmjs.org/rollup/-/rollup-2.72.1.tgz"
  "version" "2.72.1"
  optionalDependencies:
    "fsevents" "~2.3.2"

"run-parallel@^1.1.9":
  "integrity" "sha512-5l4VyZR86LZ/lDxZTR6jqL8AFE2S0IFLMP26AbjsLVADxHdhB/c0GUsH+y39UfCi3dzz8OlQuPmnaJOMoDHQBA=="
  "resolved" "https://registry.npmjs.org/run-parallel/-/run-parallel-1.2.0.tgz"
  "version" "1.2.0"
  dependencies:
    "queue-microtask" "^1.2.2"

"selfsigned@^2.0.0", "selfsigned@^2.0.1":
  "integrity" "sha512-LmME957M1zOsUhG+67rAjKfiWFox3SBxE/yymatMZsAx+oMrJ0YQ8AToOnyCm7xbeg2ep37IHLxdu0o2MavQOQ=="
  "resolved" "https://registry.npmjs.org/selfsigned/-/selfsigned-2.0.1.tgz"
  "version" "2.0.1"
  dependencies:
    "node-forge" "^1"

"semiver@^1.1.0":
  "integrity" "sha512-QNI2ChmuioGC1/xjyYwyZYADILWyW6AmS1UH6gDj/SFUUUS4MBAWs/7mxnkRPc/F4iHezDP+O8t0dO8WHiEOdg=="
  "resolved" "https://registry.npmjs.org/semiver/-/semiver-1.1.0.tgz"
  "version" "1.1.0"

"set-cookie-parser@^2.4.8":
  "integrity" "sha512-edRH8mBKEWNVIVMKejNnuJxleqYE/ZSdcT8/Nem9/mmosx12pctd80s2Oy00KNZzrogMZS5mauK2/ymL1bvlvg=="
  "resolved" "https://registry.npmjs.org/set-cookie-parser/-/set-cookie-parser-2.4.8.tgz"
  "version" "2.4.8"

"source-map-js@^1.0.2":
  "integrity" "sha512-R0XvVJ9WusLiqTCEiGCmICCMplcCkIwwR11mOSD9CR5u+IXYdiseeEuXCVAjS54zqwkLcPNnmU4OeJ6tUrWhDw=="
  "resolved" "https://registry.npmjs.org/source-map-js/-/source-map-js-1.0.2.tgz"
  "version" "1.0.2"

"source-map-support@^0.5.20":
  "integrity" "sha512-uBHU3L3czsIyYXKX88fdrGovxdSCoTGDRZ6SYXtSRxLZUzHg5P/66Ht6uoUlHu9EZod+inXhKo3qQgwXUT/y1w=="
  "resolved" "https://registry.npmjs.org/source-map-support/-/source-map-support-0.5.21.tgz"
  "version" "0.5.21"
  dependencies:
    "buffer-from" "^1.0.0"
    "source-map" "^0.6.0"

"source-map@^0.6.0", "source-map@^0.6.1":
  "integrity" "sha512-UjgapumWlbMhkBgzT7Ykc5YXUT46F0iKu8SGXq0bcwP5dz/h0Plj6enJqjz1Zbq2l5WaqYnrVbwWOWMyF3F47g=="
  "resolved" "https://registry.npmjs.org/source-map/-/source-map-0.6.1.tgz"
  "version" "0.6.1"

"sourcemap-codec@^1.4.8":
  "integrity" "sha512-9NykojV5Uih4lgo5So5dtw+f0JgJX30KCNI8gwhz2J9A15wD0Ml6tjHKwf6fTSa6fAdVBdZeNOs9eJ71qCk8vA=="
  "resolved" "https://registry.npmjs.org/sourcemap-codec/-/sourcemap-codec-1.4.8.tgz"
  "version" "1.4.8"

"stack-trace@0.0.10":
  "integrity" "sha1-VHxws0fo0ytOEI6hoqFZ5f3eGcA="
  "resolved" "https://registry.npmjs.org/stack-trace/-/stack-trace-0.0.10.tgz"
  "version" "0.0.10"

"streamsearch@^1.1.0":
  "integrity" "sha512-Mcc5wHehp9aXz1ax6bZUyY5afg9u2rv5cqQI3mRrYkGC8rW2hM02jWuwjtL++LS5qinSyhj2QfLyNsuc+VsExg=="
  "resolved" "https://registry.npmjs.org/streamsearch/-/streamsearch-1.1.0.tgz"
  "version" "1.1.0"

"supports-preserve-symlinks-flag@^1.0.0":
  "integrity" "sha512-ot0WnXS9fgdkgIcePe6RHNk1WA8+muPa6cSjeR3V8K27q9BB1rTE3R1p7Hv0z1ZyAc8s6Vvv8DIyWf681MAt0w=="
  "resolved" "https://registry.npmjs.org/supports-preserve-symlinks-flag/-/supports-preserve-symlinks-flag-1.0.0.tgz"
  "version" "1.0.0"

"tailwindcss@^3.0.0", "tailwindcss@^3.0.24":
  "integrity" "sha512-H3uMmZNWzG6aqmg9q07ZIRNIawoiEcNFKDfL+YzOPuPsXuDXxJxB9icqzLgdzKNwjG3SAro2h9SYav8ewXNgig=="
  "resolved" "https://registry.npmjs.org/tailwindcss/-/tailwindcss-3.0.24.tgz"
  "version" "3.0.24"
  dependencies:
    "arg" "^5.0.1"
    "chokidar" "^3.5.3"
    "color-name" "^1.1.4"
    "detective" "^5.2.0"
    "didyoumean" "^1.2.2"
    "dlv" "^1.1.3"
    "fast-glob" "^3.2.11"
    "glob-parent" "^6.0.2"
    "is-glob" "^4.0.3"
    "lilconfig" "^2.0.5"
    "normalize-path" "^3.0.0"
    "object-hash" "^3.0.0"
    "picocolors" "^1.0.0"
    "postcss" "^8.4.12"
    "postcss-js" "^4.0.0"
    "postcss-load-config" "^3.1.4"
    "postcss-nested" "5.0.6"
    "postcss-selector-parser" "^6.0.10"
    "postcss-value-parser" "^4.2.0"
    "quick-lru" "^5.1.1"
    "resolve" "^1.22.0"

"to-regex-range@^5.0.1":
  "integrity" "sha512-65P7iz6X5yEr1cwcgvQxbbIw7Uk3gOy5dIdtZ4rDveLqhrdJP+Li/Hx6tyK0NEb+2GCyneCMJiGqrADCSNk8sQ=="
  "resolved" "https://registry.npmjs.org/to-regex-range/-/to-regex-range-5.0.1.tgz"
  "version" "5.0.1"
  dependencies:
    "is-number" "^7.0.0"

"undici@5.3.0":
  "integrity" "sha512-8LxC/xmR2GCE4q1heE1sJxVnnf5S6yQ2dObvMFBBWkB8aQlaqNuWovgRFWRMB7KUdLPGZfOTTmUeeLEJYX56iQ=="
  "resolved" "https://registry.npmjs.org/undici/-/undici-5.3.0.tgz"
  "version" "5.3.0"

"urlpattern-polyfill@^4.0.3":
  "integrity" "sha512-DOE84vZT2fEcl9gqCUTcnAw5ZY5Id55ikUcziSUntuEFL3pRvavg5kwDmTEUJkeCHInTlV/HexFomgYnzO5kdQ=="
  "resolved" "https://registry.npmjs.org/urlpattern-polyfill/-/urlpattern-polyfill-4.0.3.tgz"
  "version" "4.0.3"

"util-deprecate@^1.0.2":
  "integrity" "sha1-RQ1Nyfpw3nMnYvvS1KKJgUGaDM8="
  "resolved" "https://registry.npmjs.org/util-deprecate/-/util-deprecate-1.0.2.tgz"
  "version" "1.0.2"

"vite@^2.5.10", "vite@^2.9.8":
  "integrity" "sha512-zsBGwn5UT3YS0NLSJ7hnR54+vUKfgzMUh/Z9CxF1YKEBVIe213+63jrFLmZphgGI5zXwQCSmqIdbPuE8NJywPw=="
  "resolved" "https://registry.npmjs.org/vite/-/vite-2.9.8.tgz"
  "version" "2.9.8"
  dependencies:
    "esbuild" "^0.14.27"
    "postcss" "^8.4.13"
    "resolve" "^1.22.0"
    "rollup" "^2.59.0"
  optionalDependencies:
    "fsevents" "~2.3.2"

"vue@^3.2.1", "vue@^3.2.20", "vue@^3.2.25", "vue@^3.2.33", "vue@>= 3", "vue@3.2.33":
  "integrity" "sha512-si1ExAlDUrLSIg/V7D/GgA4twJwfsfgG+t9w10z38HhL/HA07132pUQ2KuwAo8qbCyMJ9e6OqrmWrOCr+jW7ZQ=="
  "resolved" "https://registry.npmjs.org/vue/-/vue-3.2.33.tgz"
  "version" "3.2.33"
  dependencies:
    "@vue/compiler-dom" "3.2.33"
    "@vue/compiler-sfc" "3.2.33"
    "@vue/runtime-dom" "3.2.33"
    "@vue/server-renderer" "3.2.33"
    "@vue/shared" "3.2.33"

"vue3-popper@^1.4.2":
  "integrity" "sha512-nc5vM//AJ8/DyNetjrrgkkLv7aKVdSsljvqlQ1tWhAV2lgA8tkn8xE6icDd0/kBt0Yo5Li8Pftf0H0C/hNmu1Q=="
  "resolved" "https://registry.npmjs.org/vue3-popper/-/vue3-popper-1.4.2.tgz"
  "version" "1.4.2"
  dependencies:
    "@popperjs/core" "^2.9.2"
    "debounce" "^1.2.1"

"wrangler@^2.0.8":
  "integrity" "sha512-htum4L3ikiuATiU7YsmCnEF68PtTlov2LSymZPA2S/JNjiUhwcePnDRzT/ajOqiR5cd7kxf3u+0ykc/ZdD1rbg=="
  "resolved" "https://registry.npmjs.org/wrangler/-/wrangler-2.0.8.tgz"
  "version" "2.0.8"
  dependencies:
    "@esbuild-plugins/node-globals-polyfill" "^0.1.1"
    "@esbuild-plugins/node-modules-polyfill" "^0.1.4"
    "blake3-wasm" "^2.1.5"
    "esbuild" "0.14.34"
    "miniflare" "^2.5.0"
    "nanoid" "^3.3.3"
    "path-to-regexp" "^6.2.0"
    "selfsigned" "^2.0.1"
    "semiver" "^1.1.0"
    "xxhash-wasm" "^1.0.1"
  optionalDependencies:
    "fsevents" "~2.3.2"

"ws@^8.2.2":
  "integrity" "sha512-AzmM3aH3gk0aX7/rZLYvjdvZooofDu3fFOzGqcSnQ1tOcTWwhM/o+q++E8mAyVVIyUdajrkzWUGftaVSDLn1bw=="
  "resolved" "https://registry.npmjs.org/ws/-/ws-8.6.0.tgz"
  "version" "8.6.0"

"xtend@^4.0.2":
  "integrity" "sha512-LKYU1iAXJXUgAXn9URjiu+MWhyUXHsvfp7mcuYm9dSUKK0/CjtrUwFAxD82/mCWbtLsGjFIad0wIsod4zrTAEQ=="
  "resolved" "https://registry.npmjs.org/xtend/-/xtend-4.0.2.tgz"
  "version" "4.0.2"

"xxhash-wasm@^1.0.1":
  "integrity" "sha512-Lc9CTvDrH2vRoiaUzz25q7lRaviMhz90pkx6YxR9EPYtF99yOJnv2cB+CQ0hp/TLoqrUsk8z/W2EN31T568Azw=="
  "resolved" "https://registry.npmjs.org/xxhash-wasm/-/xxhash-wasm-1.0.1.tgz"
  "version" "1.0.1"

"yaml@^1.10.2":
  "integrity" "sha512-r3vXyErRCYJ7wg28yvBY5VSoAF8ZvlcW9/BwUzEtUsjvX/DKs24dIkuwjtuprwJJHsbyUbLApepYTR1BN4uHrg=="
  "resolved" "https://registry.npmjs.org/yaml/-/yaml-1.10.2.tgz"
  "version" "1.10.2"

"youch@^2.2.2":
  "integrity" "sha512-/FaCeG3GkuJwaMR34GHVg0l8jCbafZLHiFowSjqLlqhC6OMyf2tPJBu8UirF7/NI9X/R5ai4QfEKUCOxMAGxZQ=="
  "resolved" "https://registry.npmjs.org/youch/-/youch-2.2.2.tgz"
  "version" "2.2.2"
  dependencies:
    "@types/stack-trace" "0.0.29"
    "cookie" "^0.4.1"
    "mustache" "^4.2.0"
    "stack-trace" "0.0.10"
